// !$*UTF8*$!
{
	archiveVersion = 1;
	classes = {
	};
	objectVersion = 77;
	objects = {

/* Begin PBXBuildFile section */
		A1B2C3D4E500000000000001 /* ContentView.swift in Sources */ = {isa = PBXBuildFile; fileRef = A1B2C3D4E500000000000101 /* ContentView.swift */; };
		A1B2C3D4E500000000000002 /* MUI_MapsApp.swift in Sources */ = {isa = PBXBuildFile; fileRef = A1B2C3D4E500000000000102 /* MUI_MapsApp.swift */; };
		A1B2C3D4E500000000000003 /* Tile.swift in Sources */ = {isa = PBXBuildFile; fileRef = A1B2C3D4E500000000000103 /* Tile.swift */; };
		A1B2C3D4E500000000000004 /* TileConverter.swift in Sources */ = {isa = PBXBuildFile; fileRef = A1B2C3D4E500000000000104 /* TileConverter.swift */; };
		A1B2C3D4E500000000000005 /* TileDownloadViewModel.swift in Sources */ = {isa = PBXBuildFile; fileRef = A1B2C3D4E500000000000105 /* TileDownloadViewModel.swift */; };
		A1B2C3D4E500000000000006 /* TileDownloader.swift in Sources */ = {isa = PBXBuildFile; fileRef = A1B2C3D4E500000000000106 /* TileDownloader.swift */; };
/* End PBXBuildFile section */

/* Begin PBXContainerItemProxy section */
		B65CE70A2F33A4D700730866 /* PBXContainerItemProxy */ = {
			isa = PBXContainerItemProxy;
			containerPortal = B65CE6F42F33A4D600730866 /* Project object */;
			proxyType = 1;
			remoteGlobalIDString = B65CE6FB2F33A4D600730866;
			remoteInfo = "MUI-Maps";
		};
		B65CE7142F33A4D700730866 /* PBXContainerItemProxy */ = {
			isa = PBXContainerItemProxy;
			containerPortal = B65CE6F42F33A4D600730866 /* Project object */;
			proxyType = 1;
			remoteGlobalIDString = B65CE6FB2F33A4D600730866;
			remoteInfo = "MUI-Maps";
		};
/* End PBXContainerItemProxy section */

/* Begin PBXFileReference section */
		B65CE6FC2F33A4D600730866 /* MUI-Maps.app */ = {isa = PBXFileReference; explicitFileType = wrapper.application; includeInIndex = 0; path = "MUI-Maps.app"; sourceTree = BUILT_PRODUCTS_DIR; };
		B65CE7092F33A4D700730866 /* MUI-MapsTests.xctest */ = {isa = PBXFileReference; explicitFileType = wrapper.cfbundle; includeInIndex = 0; path = "MUI-MapsTests.xctest"; sourceTree = BUILT_PRODUCTS_DIR; };
		B65CE7132F33A4D700730866 /* MUI-MapsUITests.xctest */ = {isa = PBXFileReference; explicitFileType = wrapper.cfbundle; includeInIndex = 0; path = "MUI-MapsUITests.xctest"; sourceTree = BUILT_PRODUCTS_DIR; };

		A1B2C3D4E500000000000101 /* ContentView.swift */ = {isa = PBXFileReference; lastKnownFileType = sourcecode.swift; path = "MUI-Maps/ContentView.swift"; sourceTree = "<group>"; };
		A1B2C3D4E500000000000102 /* MUI_MapsApp.swift */ = {isa = PBXFileReference; lastKnownFileType = sourcecode.swift; path = "MUI-Maps/MUI_MapsApp.swift"; sourceTree = "<group>"; };
		A1B2C3D4E500000000000103 /* Tile.swift */ = {isa = PBXFileReference; lastKnownFileType = sourcecode.swift; path = "MUI-Maps/Tile.swift"; sourceTree = "<group>"; };
		A1B2C3D4E500000000000104 /* TileConverter.swift */ = {isa = PBXFileReference; lastKnownFileType = sourcecode.swift; path = "MUI-Maps/TileConverter.swift"; sourceTree = "<group>"; };
		A1B2C3D4E500000000000105 /* TileDownloadViewModel.swift */ = {isa = PBXFileReference; lastKnownFileType = sourcecode.swift; path = "MUI-Maps/TileDownloadViewModel.swift"; sourceTree = "<group>"; };
		A1B2C3D4E500000000000106 /* TileDownloader.swift */ = {isa = PBXFileReference; lastKnownFileType = sourcecode.swift; path = "MUI-Maps/TileDownloader.swift"; sourceTree = "<group>"; };
/* End PBXFileReference section */

/* Begin PBXFileSystemSynchronizedRootGroup section */
		B65CE6FE2F33A4D600730866 /* MUI-Maps */ = {
			isa = PBXFileSystemSynchronizedRootGroup;
			path = "MUI-Maps";
			sourceTree = "<group>";
		};
		B65CE70C2F33A4D700730866 /* MUI-MapsTests */ = {
			isa = PBXFileSystemSynchronizedRootGroup;
			path = "MUI-MapsTests";
			sourceTree = "<group>";
		};
		B65CE7162F33A4D700730866 /* MUI-MapsUITests */ = {
			isa = PBXFileSystemSynchronizedRootGroup;
			path = "MUI-MapsUITests";
			sourceTree = "<group>";
		};
/* End PBXFileSystemSynchronizedRootGroup section */

/* Begin PBXFrameworksBuildPhase section */
		B65CE6F92F33A4D600730866 /* Frameworks */ = {
			isa = PBXFrameworksBuildPhase;
			buildActionMask = 2147483647;
			files = (
			);
			runOnlyForDeploymentPostprocessing = 0;
		};
		B65CE7062F33A4D700730866 /* Frameworks */ = {
			isa = PBXFrameworksBuildPhase;
			buildActionMask = 2147483647;
			files = (
			);
			runOnlyForDeploymentPostprocessing = 0;
		};
		B65CE7102F33A4D700730866 /* Frameworks */ = {
			isa = PBXFrameworksBuildPhase;
			buildActionMask = 2147483647;
			files = (
			);
			runOnlyForDeploymentPostprocessing = 0;
		};
/* End PBXFrameworksBuildPhase section */

/* Begin PBXGroup section */
		B65CE6F32F33A4D600730866 = {
			isa = PBXGroup;
			children = (
				B65CE6FE2F33A4D600730866 /* MUI-Maps */,
				B65CE70C2F33A4D700730866 /* MUI-MapsTests */,
				B65CE7162F33A4D700730866 /* MUI-MapsUITests */,
				B65CE6FD2F33A4D600730866 /* Products */,
			);
			sourceTree = "<group>";
		};
		B65CE6FD2F33A4D600730866 /* Products */ = {
			isa = PBXGroup;
			children = (
				B65CE6FC2F33A4D600730866 /* MUI-Maps.app */,
				B65CE7092F33A4D700730866 /* MUI-MapsTests.xctest */,
				B65CE7132F33A4D700730866 /* MUI-MapsUITests.xctest */,
			);
			name = Products;
			sourceTree = "<group>";
		};
/* End PBXGroup section */

/* Begin PBXNativeTarget section */
		B65CE6FB2F33A4D600730866 /* MUI-Maps */ = {
			isa = PBXNativeTarget;
			buildConfigurationList = B65CE71D2F33A4D700730866 /* Build configuration list for PBXNativeTarget "MUI-Maps" */;
			buildPhases = (
				B65CE6F82F33A4D600730866 /* Sources */,
				B65CE6F92F33A4D600730866 /* Frameworks */,
				B65CE6FA2F33A4D600730866 /* Resources */,
			);
			buildRules = (
			);
			dependencies = (
			);
			fileSystemSynchronizedGroups = (
				B65CE6FE2F33A4D600730866 /* MUI-Maps */,
			);
			name = "MUI-Maps";
			packageProductDependencies = (
			);
			productName = "MUI-Maps";
			productReference = B65CE6FC2F33A4D600730866 /* MUI-Maps.app */;
			productType = "com.apple.product-type.application";
		};
		B65CE7082F33A4D700730866 /* MUI-MapsTests */ = {
			isa = PBXNativeTarget;
			buildConfigurationList = B65CE7202F33A4D700730866 /* Build configuration list for PBXNativeTarget "MUI-MapsTests" */;
			buildPhases = (
				B65CE7052F33A4D700730866 /* Sources */,
				B65CE7062F33A4D700730866 /* Frameworks */,
				B65CE7072F33A4D700730866 /* Resources */,
			);
			buildRules = (
			);
			dependencies = (
				B65CE70B2F33A4D700730866 /* PBXTargetDependency */,
			);
			fileSystemSynchronizedGroups = (
				B65CE70C2F33A4D700730866 /* MUI-MapsTests */,
			);
			name = "MUI-MapsTests";
			packageProductDependencies = (
			);
			productName = "MUI-MapsTests";
			productReference = B65CE7092F33A4D700730866 /* MUI-MapsTests.xctest */;
			productType = "com.apple.product-type.bundle.unit-test";
		};
		B65CE7122F33A4D700730866 /* MUI-MapsUITests */ = {
			isa = PBXNativeTarget;
			buildConfigurationList = B65CE7232F33A4D700730866 /* Build configuration list for PBXNativeTarget "MUI-MapsUITests" */;
			buildPhases = (
				B65CE70F2F33A4D700730866 /* Sources */,
				B65CE7102F33A4D700730866 /* Frameworks */,
				B65CE7112F33A4D700730866 /* Resources */,
			);
			buildRules = (
			);
			dependencies = (
				B65CE7152F33A4D700730866 /* PBXTargetDependency */,
			);
			fileSystemSynchronizedGroups = (
				B65CE7162F33A4D700730866 /* MUI-MapsUITests */,
			);
			name = "MUI-MapsUITests";
			packageProductDependencies = (
			);
			productName = "MUI-MapsUITests";
			productReference = B65CE7132F33A4D700730866 /* MUI-MapsUITests.xctest */;
			productType = "com.apple.product-type.bundle.ui-testing";
		};
/* End PBXNativeTarget section */

/* Begin PBXProject section */
		B65CE6F42F33A4D600730866 /* Project object */ = {
			isa = PBXProject;
			attributes = {
				BuildIndependentTargetsInParallel = 1;
				LastSwiftUpdateCheck = 2620;
				LastUpgradeCheck = 2620;
				TargetAttributes = {
					B65CE6FB2F33A4D600730866 = {
						CreatedOnToolsVersion = 26.2;
					};
					B65CE7082F33A4D700730866 = {
						CreatedOnToolsVersion = 26.2;
						TestTargetID = B65CE6FB2F33A4D600730866;
					};
					B65CE7122F33A4D700730866 = {
						CreatedOnToolsVersion = 26.2;
						TestTargetID = B65CE6FB2F33A4D600730866;
					};
				};
			};
			buildConfigurationList = B65CE6F72F33A4D600730866 /* Build configuration list for PBXProject "MUI-Maps" */;
			developmentRegion = en;
			hasScannedForEncodings = 0;
			knownRegions = (
				en,
				Base,
			);
			mainGroup = B65CE6F32F33A4D600730866;
			minimizedProjectReferenceProxies = 1;
			preferredProjectObjectVersion = 77;
			productRefGroup = B65CE6FD2F33A4D600730866 /* Products */;
			projectDirPath = "";
			projectRoot = "";
			targets = (
				B65CE6FB2F33A4D600730866 /* MUI-Maps */,
				B65CE7082F33A4D700730866 /* MUI-MapsTests */,
				B65CE7122F33A4D700730866 /* MUI-MapsUITests */,
			);
		};
/* End PBXProject section */

/* Begin PBXResourcesBuildPhase section */
		B65CE6FA2F33A4D600730866 /* Resources */ = {
			isa = PBXResourcesBuildPhase;
			buildActionMask = 2147483647;
			files = (
			);
			runOnlyForDeploymentPostprocessing = 0;
		};
		B65CE7072F33A4D700730866 /* Resources */ = {
			isa = PBXResourcesBuildPhase;
			buildActionMask = 2147483647;
			files = (
			);
			runOnlyForDeploymentPostprocessing = 0;
		};
		B65CE7112F33A4D700730866 /* Resources */ = {
			isa = PBXResourcesBuildPhase;
			buildActionMask = 2147483647;
			files = (
			);
			runOnlyForDeploymentPostprocessing = 0;
		};
/* End PBXResourcesBuildPhase section */

/* Begin PBXSourcesBuildPhase section */
		B65CE6F82F33A4D600730866 /* Sources */ = {
			isa = PBXSourcesBuildPhase;
			buildActionMask = 2147483647;
			files = (
				A1B2C3D4E500000000000001 /* ContentView.swift in Sources */,
				A1B2C3D4E500000000000002 /* MUI_MapsApp.swift in Sources */,
				A1B2C3D4E500000000000003 /* Tile.swift in Sources */,
				A1B2C3D4E500000000000004 /* TileConverter.swift in Sources */,
				A1B2C3D4E500000000000005 /* TileDownloadViewModel.swift in Sources */,
				A1B2C3D4E500000000000006 /* TileDownloader.swift in Sources */,
			);
			runOnlyForDeploymentPostprocessing = 0;
		};
		B65CE7052F33A4D700730866 /* Sources */ = {
			isa = PBXSourcesBuildPhase;
			buildActionMask = 2147483647;
			files = (
			);
			runOnlyForDeploymentPostprocessing = 0;
		};
		B65CE70F2F33A4D700730866 /* Sources */ = {
			isa = PBXSourcesBuildPhase;
			buildActionMask = 2147483647;
			files = (
			);
			runOnlyForDeploymentPostprocessing = 0;
		};
/* End PBXSourcesBuildPhase section */

/* Begin PBXTargetDependency section */
		B65CE70B2F33A4D700730866 /* PBXTargetDependency */ = {
			isa = PBXTargetDependency;
			target = B65CE6FB2F33A4D600730866 /* MUI-Maps */;
			targetProxy = B65CE70A2F33A4D700730866 /* PBXContainerItemProxy */;
		};
		B65CE7152F33A4D700730866 /* PBXTargetDependency */ = {
			isa = PBXTargetDependency;
			target = B65CE6FB2F33A4D600730866 /* MUI-Maps */;
			targetProxy = B65CE7142F33A4D700730866 /* PBXContainerItemProxy */;
		};
/* End PBXTargetDependency section */

/* Begin XCBuildConfiguration section */
		B65CE71B2F33A4D700730866 /* Debug */ = {
			isa = XCBuildConfiguration;
			buildSettings = {
				ALWAYS_SEARCH_USER_PATHS = NO;
				ASSETCATALOG_COMPILER_GENERATE_SWIFT_ASSET_SYMBOL_EXTENSIONS = YES;
				CLANG_ANALYZER_NONNULL = YES;
				CLANG_ANALYZER_NUMBER_OBJECT_CONVERSION = YES_AGGRESSIVE;
				CLANG_CXX_LANGUAGE_STANDARD = "gnu++20";
				CLANG_ENABLE_MODULES = YES;
				CLANG_ENABLE_OBJC_ARC = YES;
				CLANG_ENABLE_OBJC_WEAK = YES;
				CLANG_WARN_BLOCK_CAPTURE_AUTORELEASING = YES;
				CLANG_WARN_BOOL_CONVERSION = YES;
				CLANG_WARN_COMMA = YES;
				CLANG_WARN_CONSTANT_CONVERSION = YES;
				CLANG_WARN_DEPRECATED_OBJC_IMPLEMENTATIONS = YES;
				CLANG_WARN_DIRECT_OBJC_ISA_USAGE = YES_ERROR;
				CLANG_WARN_DOCUMENTATION_COMMENTS = YES;
				CLANG_WARN_EMPTY_BODY = YES;
				CLANG_WARN_ENUM_CONVERSION = YES;
				CLANG_WARN_INFINITE_RECURSION = YES;
				CLANG_WARN_INT_CONVERSION = YES;
				CLANG_WARN_NON_LITERAL_NULL_CONVERSION = YES;
				CLANG_WARN_OBJC_IMPLICIT_RETAIN_SELF = YES;
				CLANG_WARN_OBJC_LITERAL_CONVERSION = YES;
				CLANG_WARN_OBJC_ROOT_CLASS = YES_ERROR;
				CLANG_WARN_QUOTED_INCLUDE_IN_FRAMEWORK_HEADER = YES;
				CLANG_WARN_RANGE_LOOP_ANALYSIS = YES;
				CLANG_WARN_STRICT_PROTOTYPES = YES;
				CLANG_WARN_SUSPICIOUS_MOVE = YES;
				CLANG_WARN_UNGUARDED_AVAILABILITY = YES_AGGRESSIVE;
				CLANG_WARN_UNREACHABLE_CODE = YES;
				CLANG_WARN__DUPLICATE_METHOD_MATCH = YES;
				COPY_PHASE_STRIP = NO;
				DEBUG_INFORMATION_FORMAT = dwarf;
				DEVELOPMENT_TEAM = PMDS25NXW9;
				ENABLE_STRICT_OBJC_MSGSEND = YES;
				ENABLE_TESTABILITY = YES;
				ENABLE_USER_SCRIPT_SANDBOXING = YES;
				GCC_C_LANGUAGE_STANDARD = gnu17;
				GCC_DYNAMIC_NO_PIC = NO;
				GCC_NO_COMMON_BLOCKS = YES;
				GCC_OPTIMIZATION_LEVEL = 0;
				GCC_PREPROCESSOR_DEFINITIONS = (
					"DEBUG=1",
					"$(inherited)",
				);
				GCC_WARN_64_TO_32_BIT_CONVERSION = YES;
				GCC_WARN_ABOUT_RETURN_TYPE = YES_ERROR;
				GCC_WARN_UNDECLARED_SELECTOR = YES;
				GCC_WARN_UNINITIALIZED_AUTOS = YES_AGGRESSIVE;
				GCC_WARN_UNUSED_FUNCTION = YES;
				GCC_WARN_UNUSED_VARIABLE = YES;
				LOCALIZATION_PREFERS_STRING_CATALOGS = YES;
				MACOSX_DEPLOYMENT_TARGET = 26.2;
				MTL_ENABLE_DEBUG_INFO = INCLUDE_SOURCE;
				MTL_FAST_MATH = YES;
				ONLY_ACTIVE_ARCH = YES;
				SDKROOT = macosx;
				SWIFT_ACTIVE_COMPILATION_CONDITIONS = "DEBUG $(inherited)";
				SWIFT_OPTIMIZATION_LEVEL = "-Onone";
			};
			name = Debug;
		};
		B65CE71C2F33A4D700730866 /* Release */ = {
			isa = XCBuildConfiguration;
			buildSettings = {
				ALWAYS_SEARCH_USER_PATHS = NO;
				ASSETCATALOG_COMPILER_GENERATE_SWIFT_ASSET_SYMBOL_EXTENSIONS = YES;
				CLANG_ANALYZER_NONNULL = YES;
				CLANG_ANALYZER_NUMBER_OBJECT_CONVERSION = YES_AGGRESSIVE;
				CLANG_CXX_LANGUAGE_STANDARD = "gnu++20";
				CLANG_ENABLE_MODULES = YES;
				CLANG_ENABLE_OBJC_ARC = YES;
				CLANG_ENABLE_OBJC_WEAK = YES;
				CLANG_WARN_BLOCK_CAPTURE_AUTORELEASING = YES;
				CLANG_WARN_BOOL_CONVERSION = YES;
				CLANG_WARN_COMMA = YES;
				CLANG_WARN_CONSTANT_CONVERSION = YES;
				CLANG_WARN_DEPRECATED_OBJC_IMPLEMENTATIONS = YES;
				CLANG_WARN_DIRECT_OBJC_ISA_USAGE = YES_ERROR;
				CLANG_WARN_DOCUMENTATION_COMMENTS = YES;
				CLANG_WARN_EMPTY_BODY = YES;
				CLANG_WARN_ENUM_CONVERSION = YES;
				CLANG_WARN_INFINITE_RECURSION = YES;
				CLANG_WARN_INT_CONVERSION = YES;
				CLANG_WARN_NON_LITERAL_NULL_CONVERSION = YES;
				CLANG_WARN_OBJC_IMPLICIT_RETAIN_SELF = YES;
				CLANG_WARN_OBJC_LITERAL_CONVERSION = YES;
				CLANG_WARN_OBJC_ROOT_CLASS = YES_ERROR;
				CLANG_WARN_QUOTED_INCLUDE_IN_FRAMEWORK_HEADER = YES;
				CLANG_WARN_RANGE_LOOP_ANALYSIS = YES;
				CLANG_WARN_STRICT_PROTOTYPES = YES;
				CLANG_WARN_SUSPICIOUS_MOVE = YES;
				CLANG_WARN_UNGUARDED_AVAILABILITY = YES_AGGRESSIVE;
				CLANG_WARN_UNREACHABLE_CODE = YES;
				CLANG_WARN__DUPLICATE_METHOD_MATCH = YES;
				COPY_PHASE_STRIP = NO;
				DEBUG_INFORMATION_FORMAT = "dwarf-with-dsym";
				DEVELOPMENT_TEAM = PMDS25NXW9;
				ENABLE_NS_ASSERTIONS = NO;
				ENABLE_STRICT_OBJC_MSGSEND = YES;
				ENABLE_USER_SCRIPT_SANDBOXING = YES;
				GCC_C_LANGUAGE_STANDARD = gnu17;
				GCC_NO_COMMON_BLOCKS = YES;
				GCC_WARN_64_TO_32_BIT_CONVERSION = YES;
				GCC_WARN_ABOUT_RETURN_TYPE = YES_ERROR;
				GCC_WARN_UNDECLARED_SELECTOR = YES;
				GCC_WARN_UNINITIALIZED_AUTOS = YES_AGGRESSIVE;
				GCC_WARN_UNUSED_FUNCTION = YES;
				GCC_WARN_UNUSED_VARIABLE = YES;
				LOCALIZATION_PREFERS_STRING_CATALOGS = YES;
				MACOSX_DEPLOYMENT_TARGET = 26.2;
				MTL_ENABLE_DEBUG_INFO = NO;
				MTL_FAST_MATH = YES;
				SDKROOT = macosx;
				SWIFT_COMPILATION_MODE = wholemodule;
			};
			name = Release;
		};
		B65CE71E2F33A4D700730866 /* Debug */ = {
			isa = XCBuildConfiguration;
			buildSettings = {
				ASSETCATALOG_COMPILER_APPICON_NAME = AppIcon;
				ASSETCATALOG_COMPILER_GLOBAL_ACCENT_COLOR_NAME = AccentColor;
				CODE_SIGN_STYLE = Automatic;
				COMBINE_HIDPI_IMAGES = YES;
				CURRENT_PROJECT_VERSION = 1;
				DEVELOPMENT_TEAM = PMDS25NXW9;
				ENABLE_APP_SANDBOX = YES;
				ENABLE_HARDENED_RUNTIME = YES;
				ENABLE_PREVIEWS = YES;
				ENABLE_USER_SELECTED_FILES = readonly;
				GENERATE_INFOPLIST_FILE = YES;
				INFOPLIST_KEY_NSHumanReadableCopyright = "";
				LD_RUNPATH_SEARCH_PATHS = (
					"$(inherited)",
					"@executable_path/../Frameworks",
				);
				MARKETING_VERSION = 1.0;
				PRODUCT_BUNDLE_IDENTIFIER = "CTD.MUI-Maps";
				PRODUCT_NAME = "$(TARGET_NAME)";
				REGISTER_APP_GROUPS = YES;
				STRING_CATALOG_GENERATE_SYMBOLS = YES;
				SWIFT_APPROACHABLE_CONCURRENCY = YES;
				SWIFT_DEFAULT_ACTOR_ISOLATION = MainActor;
				SWIFT_EMIT_LOC_STRINGS = YES;
				SWIFT_UPCOMING_FEATURE_MEMBER_IMPORT_VISIBILITY = YES;
				SWIFT_VERSION = 5.0;
			};
			name = Debug;
		};
		B65CE71F2F33A4D700730866 /* Release */ = {
			isa = XCBuildConfiguration;
			buildSettings = {
				ASSETCATALOG_COMPILER_APPICON_NAME = AppIcon;
				ASSETCATALOG_COMPILER_GLOBAL_ACCENT_COLOR_NAME = AccentColor;
				CODE_SIGN_STYLE = Automatic;
				COMBINE_HIDPI_IMAGES = YES;
				CURRENT_PROJECT_VERSION = 1;
				DEVELOPMENT_TEAM = PMDS25NXW9;
				ENABLE_APP_SANDBOX = YES;
				ENABLE_HARDENED_RUNTIME = YES;
				ENABLE_PREVIEWS = YES;
				ENABLE_USER_SELECTED_FILES = readonly;
				GENERATE_INFOPLIST_FILE = YES;
				INFOPLIST_KEY_NSHumanReadableCopyright = "";
				LD_RUNPATH_SEARCH_PATHS = (
					"$(inherited)",
					"@executable_path/../Frameworks",
				);
				MARKETING_VERSION = 1.0;
				PRODUCT_BUNDLE_IDENTIFIER = "CTD.MUI-Maps";
				PRODUCT_NAME = "$(TARGET_NAME)";
				REGISTER_APP_GROUPS = YES;
				STRING_CATALOG_GENERATE_SYMBOLS = YES;
				SWIFT_APPROACHABLE_CONCURRENCY = YES;
				SWIFT_DEFAULT_ACTOR_ISOLATION = MainActor;
				SWIFT_EMIT_LOC_STRINGS = YES;
				SWIFT_UPCOMING_FEATURE_MEMBER_IMPORT_VISIBILITY = YES;
				SWIFT_VERSION = 5.0;
			};
			name = Release;
		};
		B65CE7212F33A4D700730866 /* Debug */ = {
			isa = XCBuildConfiguration;
			buildSettings = {
				BUNDLE_LOADER = "$(TEST_HOST)";
				CODE_SIGN_STYLE = Automatic;
				CURRENT_PROJECT_VERSION = 1;
				DEVELOPMENT_TEAM = PMDS25NXW9;
				GENERATE_INFOPLIST_FILE = YES;
				MACOSX_DEPLOYMENT_TARGET = 26.2;
				MARKETING_VERSION = 1.0;
				PRODUCT_BUNDLE_IDENTIFIER = "CTD.MUI-MapsTests";
				PRODUCT_NAME = "$(TARGET_NAME)";
				STRING_CATALOG_GENERATE_SYMBOLS = NO;
				SWIFT_APPROACHABLE_CONCURRENCY = YES;
				SWIFT_EMIT_LOC_STRINGS = NO;
				SWIFT_UPCOMING_FEATURE_MEMBER_IMPORT_VISIBILITY = YES;
				SWIFT_VERSION = 5.0;
				TEST_HOST = "$(BUILT_PRODUCTS_DIR)/MUI-Maps.app/$(BUNDLE_EXECUTABLE_FOLDER_PATH)/MUI-Maps";
			};
			name = Debug;
		};
		B65CE7222F33A4D700730866 /* Release */ = {
			isa = XCBuildConfiguration;
			buildSettings = {
				BUNDLE_LOADER = "$(TEST_HOST)";
				CODE_SIGN_STYLE = Automatic;
				CURRENT_PROJECT_VERSION = 1;
				DEVELOPMENT_TEAM = PMDS25NXW9;
				GENERATE_INFOPLIST_FILE = YES;
				MACOSX_DEPLOYMENT_TARGET = 26.2;
				MARKETING_VERSION = 1.0;
				PRODUCT_BUNDLE_IDENTIFIER = "CTD.MUI-MapsTests";
				PRODUCT_NAME = "$(TARGET_NAME)";
				STRING_CATALOG_GENERATE_SYMBOLS = NO;
				SWIFT_APPROACHABLE_CONCURRENCY = YES;
				SWIFT_EMIT_LOC_STRINGS = NO;
				SWIFT_UPCOMING_FEATURE_MEMBER_IMPORT_VISIBILITY = YES;
				SWIFT_VERSION = 5.0;
				TEST_HOST = "$(BUILT_PRODUCTS_DIR)/MUI-Maps.app/$(BUNDLE_EXECUTABLE_FOLDER_PATH)/MUI-Maps";
			};
			name = Release;
		};
		B65CE7242F33A4D700730866 /* Debug */ = {
			isa = XCBuildConfiguration;
			buildSettings = {
				CODE_SIGN_STYLE = Automatic;
				CURRENT_PROJECT_VERSION = 1;
				DEVELOPMENT_TEAM = PMDS25NXW9;
				GENERATE_INFOPLIST_FILE = YES;
				MARKETING_VERSION = 1.0;
				PRODUCT_BUNDLE_IDENTIFIER = "CTD.MUI-MapsUITests";
				PRODUCT_NAME = "$(TARGET_NAME)";
				STRING_CATALOG_GENERATE_SYMBOLS = NO;
				SWIFT_APPROACHABLE_CONCURRENCY = YES;
				SWIFT_EMIT_LOC_STRINGS = NO;
				SWIFT_UPCOMING_FEATURE_MEMBER_IMPORT_VISIBILITY = YES;
				SWIFT_VERSION = 5.0;
				TEST_TARGET_NAME = "MUI-Maps";
			};
			name = Debug;
		};
		B65CE7252F33A4D700730866 /* Release */ = {
			isa = XCBuildConfiguration;
			buildSettings = {
				CODE_SIGN_STYLE = Automatic;
				CURRENT_PROJECT_VERSION = 1;
				DEVELOPMENT_TEAM = PMDS25NXW9;
				GENERATE_INFOPLIST_FILE = YES;
				MARKETING_VERSION = 1.0;
				PRODUCT_BUNDLE_IDENTIFIER = "CTD.MUI-MapsUITests";
				PRODUCT_NAME = "$(TARGET_NAME)";
				STRING_CATALOG_GENERATE_SYMBOLS = NO;
				SWIFT_APPROACHABLE_CONCURRENCY = YES;
				SWIFT_EMIT_LOC_STRINGS = NO;
				SWIFT_UPCOMING_FEATURE_MEMBER_IMPORT_VISIBILITY = YES;
				SWIFT_VERSION = 5.0;
				TEST_TARGET_NAME = "MUI-Maps";
			};
			name = Release;
		};
/* End XCBuildConfiguration section */

/* Begin XCConfigurationList section */
		B65CE6F72F33A4D600730866 /* Build configuration list for PBXProject "MUI-Maps" */ = {
			isa = XCConfigurationList;
			buildConfigurations = (
				B65CE71B2F33A4D700730866 /* Debug */,
				B65CE71C2F33A4D700730866 /* Release */,
			);
			defaultConfigurationIsVisible = 0;
			defaultConfigurationName = Release;
		};
		B65CE71D2F33A4D700730866 /* Build configuration list for PBXNativeTarget "MUI-Maps" */ = {
			isa = XCConfigurationList;
			buildConfigurations = (
				B65CE71E2F33A4D700730866 /* Debug */,
				B65CE71F2F33A4D700730866 /* Release */,
			);
			defaultConfigurationIsVisible = 0;
			defaultConfigurationName = Release;
		};
		B65CE7202F33A4D700730866 /* Build configuration list for PBXNativeTarget "MUI-MapsTests" */ = {
			isa = XCConfigurationList;
			buildConfigurations = (
				B65CE7212F33A4D700730866 /* Debug */,
				B65CE7222F33A4D700730866 /* Release */,
			);
			defaultConfigurationIsVisible = 0;
			defaultConfigurationName = Release;
		};
		B65CE7232F33A4D700730866 /* Build configuration list for PBXNativeTarget "MUI-MapsUITests" */ = {
			isa = XCConfigurationList;
			buildConfigurations = (
				B65CE7242F33A4D700730866 /* Debug */,
				B65CE7252F33A4D700730866 /* Release */,
			);
			defaultConfigurationIsVisible = 0;
			defaultConfigurationName = Release;
		};
/* End XCConfigurationList section */
	};
	rootObject = B65CE6F42F33A4D600730866 /* Project object */;
}
